
Microsoft Visual Studio Solution File, Format Version 12.00
Project("{FAE04EC0-301F-11D3-BF4B-00C04F79EFBC}") = "Main", "Main\Main.csproj", "{00BCF006-A53E-4354-B5E0-BB320AE5784C}"
EndProject
Project("{2150E333-8FDC-42A3-9474-1A3956D46DE8}") = "Misc", "Misc", "{5E445E05-BE16-4ECB-8793-03A4E0CA3BF8}"
	ProjectSection(SolutionItems) = preProject
		.gitignore = .gitignore
		Directory.Build.props = Directory.Build.props
		LICENSE = LICENSE
		README.md = README.md
		.github\workflows\main.yml = .github\workflows\main.yml
	EndProjectSection
EndProject
Global
	GlobalSection(SolutionConfigurationPlatforms) = preSolution
		Debug|Any CPU = Debug|Any CPU
		Release|Any CPU = Release|Any CPU
	EndGlobalSection
	GlobalSection(ProjectConfigurationPlatforms) = postSolution
		{00BCF006-A53E-4354-B5E0-BB320AE5784C}.Debug|Any CPU.ActiveCfg = Debug|Any CPU
		{00BCF006-A53E-4354-B5E0-BB320AE5784C}.Debug|Any CPU.Build.0 = Debug|Any CPU
		{00BCF006-A53E-4354-B5E0-BB320AE5784C}.Release|Any CPU.ActiveCfg = Release|Any CPU
		{00BCF006-A53E-4354-B5E0-BB320AE5784C}.Release|Any CPU.Build.0 = Release|Any CPU
	EndGlobalSection
EndGlobal
